
Microsoft Visual Studio Solution File, Format Version 12.00
# Visual Studio Version 17
VisualStudioVersion = 17.8.34601.278
MinimumVisualStudioVersion = 10.0.40219.1
Project("{9A19103F-16F7-4668-BE54-9A1E7A4F7556}") = "Models", "Models\Models.csproj", "{346D48B7-DE42-4832-B8B3-E342164B3E06}"
EndProject
Project("{9A19103F-16F7-4668-BE54-9A1E7A4F7556}") = "DataAccess", "DataAccess\DataAccess.csproj", "{614B335F-B5C9-416E-9762-E906DE8EFF0C}"
EndProject
Project("{9A19103F-16F7-4668-BE54-9A1E7A4F7556}") = "Repositories", "Repositories\Repositories.csproj", "{F30D8667-C5F1-4770-9B61-5AA7179E1EE4}"
EndProject
Project("{9A19103F-16F7-4668-BE54-9A1E7A4F7556}") = "Food", "Food\Food.csproj", "{19EE3DFF-B8BB-45FE-A818-7DFD1153E57B}"
EndProject
Global
	GlobalSection(SolutionConfigurationPlatforms) = preSolution
		Debug|Any CPU = Debug|Any CPU
		Release|Any CPU = Release|Any CPU
	EndGlobalSection
	GlobalSection(ProjectConfigurationPlatforms) = postSolution
		{346D48B7-DE42-4832-B8B3-E342164B3E06}.Debug|Any CPU.ActiveCfg = Debug|Any CPU
		{346D48B7-DE42-4832-B8B3-E342164B3E06}.Debug|Any CPU.Build.0 = Debug|Any CPU
		{346D48B7-DE42-4832-B8B3-E342164B3E06}.Release|Any CPU.ActiveCfg = Release|Any CPU
		{346D48B7-DE42-4832-B8B3-E342164B3E06}.Release|Any CPU.Build.0 = Release|Any CPU
		{614B335F-B5C9-416E-9762-E906DE8EFF0C}.Debug|Any CPU.ActiveCfg = Debug|Any CPU
		{614B335F-B5C9-416E-9762-E906DE8EFF0C}.Debug|Any CPU.Build.0 = Debug|Any CPU
		{614B335F-B5C9-416E-9762-E906DE8EFF0C}.Release|Any CPU.ActiveCfg = Release|Any CPU
		{614B335F-B5C9-416E-9762-E906DE8EFF0C}.Release|Any CPU.Build.0 = Release|Any CPU
		{F30D8667-C5F1-4770-9B61-5AA7179E1EE4}.Debug|Any CPU.ActiveCfg = Debug|Any CPU
		{F30D8667-C5F1-4770-9B61-5AA7179E1EE4}.Debug|Any CPU.Build.0 = Debug|Any CPU
		{F30D8667-C5F1-4770-9B61-5AA7179E1EE4}.Release|Any CPU.ActiveCfg = Release|Any CPU
		{F30D8667-C5F1-4770-9B61-5AA7179E1EE4}.Release|Any CPU.Build.0 = Release|Any CPU
		{19EE3DFF-B8BB-45FE-A818-7DFD1153E57B}.Debug|Any CPU.ActiveCfg = Debug|Any CPU
		{19EE3DFF-B8BB-45FE-A818-7DFD1153E57B}.Debug|Any CPU.Build.0 = Debug|Any CPU
		{19EE3DFF-B8BB-45FE-A818-7DFD1153E57B}.Release|Any CPU.ActiveCfg = Release|Any CPU
		{19EE3DFF-B8BB-45FE-A818-7DFD1153E57B}.Release|Any CPU.Build.0 = Release|Any CPU
	EndGlobalSection
	GlobalSection(SolutionProperties) = preSolution
		HideSolutionNode = FALSE
	EndGlobalSection
	GlobalSection(ExtensibilityGlobals) = postSolution
		SolutionGuid = {8FF531BC-89C4-4A07-B3BF-7B1C78324FD0}
	EndGlobalSection
EndGlobal
